// !$*UTF8*$!
{
	archiveVersion = 1;
	classes = {
	};
	objectVersion = 46;
	objects = {

/* Begin PBXBuildFile section */
		A30D09ED1B0E2B8400F4464C /* Facebook-128.png in Resources */ = {isa = PBXBuildFile; fileRef = A30D09EC1B0E2B8400F4464C /* Facebook-128.png */; };
		A30D09EF1B0E2B9A00F4464C /* Twitter-Bird-128.png in Resources */ = {isa = PBXBuildFile; fileRef = A30D09EE1B0E2B9A00F4464C /* Twitter-Bird-128.png */; };
		A311A7EC1B0DC17F00C66080 /* CountryDetailViewController.swift in Sources */ = {isa = PBXBuildFile; fileRef = A311A7EB1B0DC17F00C66080 /* CountryDetailViewController.swift */; };
		A311A7EE1B0E1B3000C66080 /* mountains.jpeg in Resources */ = {isa = PBXBuildFile; fileRef = A311A7ED1B0E1B3000C66080 /* mountains.jpeg */; };
		A33987671B0FD77E00A506B2 /* Country.swift in Sources */ = {isa = PBXBuildFile; fileRef = A33987661B0FD77E00A506B2 /* Country.swift */; };
		A349A2221B0E6EFD009833C8 /* jar.png in Resources */ = {isa = PBXBuildFile; fileRef = A349A2211B0E6EFD009833C8 /* jar.png */; };
		A3691D301B0D4EE100EAB92E /* AppDelegate.swift in Sources */ = {isa = PBXBuildFile; fileRef = A3691D2F1B0D4EE100EAB92E /* AppDelegate.swift */; };
		A3691D321B0D4EE100EAB92E /* ViewController.swift in Sources */ = {isa = PBXBuildFile; fileRef = A3691D311B0D4EE100EAB92E /* ViewController.swift */; };
		A3691D351B0D4EE100EAB92E /* Main.storyboard in Resources */ = {isa = PBXBuildFile; fileRef = A3691D331B0D4EE100EAB92E /* Main.storyboard */; };
		A3691D371B0D4EE100EAB92E /* Images.xcassets in Resources */ = {isa = PBXBuildFile; fileRef = A3691D361B0D4EE100EAB92E /* Images.xcassets */; };
		A3691D3A1B0D4EE100EAB92E /* LaunchScreen.xib in Resources */ = {isa = PBXBuildFile; fileRef = A3691D381B0D4EE100EAB92E /* LaunchScreen.xib */; };
		A3691D461B0D4EE200EAB92E /* KnowTipTests.swift in Sources */ = {isa = PBXBuildFile; fileRef = A3691D451B0D4EE200EAB92E /* KnowTipTests.swift */; };
		A3C585FE1B0E384100173685 /* canada.jpg in Resources */ = {isa = PBXBuildFile; fileRef = A3C585FD1B0E384100173685 /* canada.jpg */; };
		A3C586001B0E387000173685 /* unitedstates.jpg in Resources */ = {isa = PBXBuildFile; fileRef = A3C585FF1B0E387000173685 /* unitedstates.jpg */; };
		A3C586021B0E388200173685 /* vietnam.jpg in Resources */ = {isa = PBXBuildFile; fileRef = A3C586011B0E388200173685 /* vietnam.jpg */; };
		A3C586061B0E38BB00173685 /* taiwan.jpg in Resources */ = {isa = PBXBuildFile; fileRef = A3C586051B0E38BB00173685 /* taiwan.jpg */; };
		A3C586081B0E38CB00173685 /* argentina.jpg in Resources */ = {isa = PBXBuildFile; fileRef = A3C586071B0E38CB00173685 /* argentina.jpg */; };
		A3C5860A1B0E38DD00173685 /* china.jpg in Resources */ = {isa = PBXBuildFile; fileRef = A3C586091B0E38DD00173685 /* china.jpg */; };
		A3C5860C1B0E3A6A00173685 /* france.jpg in Resources */ = {isa = PBXBuildFile; fileRef = A3C5860B1B0E3A6A00173685 /* france.jpg */; };
		A3C5860E1B0E3A8E00173685 /* germany.jpg in Resources */ = {isa = PBXBuildFile; fileRef = A3C5860D1B0E3A8E00173685 /* germany.jpg */; };
		A3C8A0D51B0E4E360088F194 /* pakistan.jpg in Resources */ = {isa = PBXBuildFile; fileRef = A3C8A0D41B0E4E360088F194 /* pakistan.jpg */; };
		A3F555E41B0FA4A00017AF7A /* turkey.png in Resources */ = {isa = PBXBuildFile; fileRef = A3F555E31B0FA4A00017AF7A /* turkey.png */; };
/* End PBXBuildFile section */

/* Begin PBXContainerItemProxy section */
		A3691D401B0D4EE200EAB92E /* PBXContainerItemProxy */ = {
			isa = PBXContainerItemProxy;
			containerPortal = A3691D221B0D4EE100EAB92E /* Project object */;
			proxyType = 1;
			remoteGlobalIDString = A3691D291B0D4EE100EAB92E;
			remoteInfo = KnowTip;
		};
/* End PBXContainerItemProxy section */

/* Begin PBXFileReference section */
		A30D09EC1B0E2B8400F4464C /* Facebook-128.png */ = {isa = PBXFileReference; lastKnownFileType = image.png; path = "Facebook-128.png"; sourceTree = "<group>"; };
		A30D09EE1B0E2B9A00F4464C /* Twitter-Bird-128.png */ = {isa = PBXFileReference; lastKnownFileType = image.png; path = "Twitter-Bird-128.png"; sourceTree = "<group>"; };
		A311A7EB1B0DC17F00C66080 /* CountryDetailViewController.swift */ = {isa = PBXFileReference; fileEncoding = 4; lastKnownFileType = sourcecode.swift; path = CountryDetailViewController.swift; sourceTree = "<group>"; };
		A311A7ED1B0E1B3000C66080 /* mountains.jpeg */ = {isa = PBXFileReference; lastKnownFileType = image.jpeg; path = mountains.jpeg; sourceTree = "<group>"; };
		A33987661B0FD77E00A506B2 /* Country.swift */ = {isa = PBXFileReference; fileEncoding = 4; lastKnownFileType = sourcecode.swift; name = Country.swift; path = ../Country.swift; sourceTree = "<group>"; };
		A349A2211B0E6EFD009833C8 /* jar.png */ = {isa = PBXFileReference; lastKnownFileType = image.png; path = jar.png; sourceTree = "<group>"; };
		A3691D2A1B0D4EE100EAB92E /* KnowTip.app */ = {isa = PBXFileReference; explicitFileType = wrapper.application; includeInIndex = 0; path = KnowTip.app; sourceTree = BUILT_PRODUCTS_DIR; };
		A3691D2E1B0D4EE100EAB92E /* Info.plist */ = {isa = PBXFileReference; lastKnownFileType = text.plist.xml; path = Info.plist; sourceTree = "<group>"; };
		A3691D2F1B0D4EE100EAB92E /* AppDelegate.swift */ = {isa = PBXFileReference; lastKnownFileType = sourcecode.swift; path = AppDelegate.swift; sourceTree = "<group>"; };
		A3691D311B0D4EE100EAB92E /* ViewController.swift */ = {isa = PBXFileReference; lastKnownFileType = sourcecode.swift; path = ViewController.swift; sourceTree = "<group>"; };
		A3691D341B0D4EE100EAB92E /* Base */ = {isa = PBXFileReference; lastKnownFileType = file.storyboard; name = Base; path = Base.lproj/Main.storyboard; sourceTree = "<group>"; };
		A3691D361B0D4EE100EAB92E /* Images.xcassets */ = {isa = PBXFileReference; lastKnownFileType = folder.assetcatalog; path = Images.xcassets; sourceTree = "<group>"; };
		A3691D391B0D4EE100EAB92E /* Base */ = {isa = PBXFileReference; lastKnownFileType = file.xib; name = Base; path = Base.lproj/LaunchScreen.xib; sourceTree = "<group>"; };
		A3691D3F1B0D4EE200EAB92E /* KnowTipTests.xctest */ = {isa = PBXFileReference; explicitFileType = wrapper.cfbundle; includeInIndex = 0; path = KnowTipTests.xctest; sourceTree = BUILT_PRODUCTS_DIR; };
		A3691D441B0D4EE200EAB92E /* Info.plist */ = {isa = PBXFileReference; lastKnownFileType = text.plist.xml; path = Info.plist; sourceTree = "<group>"; };
		A3691D451B0D4EE200EAB92E /* KnowTipTests.swift */ = {isa = PBXFileReference; lastKnownFileType = sourcecode.swift; path = KnowTipTests.swift; sourceTree = "<group>"; };
		A3C585FD1B0E384100173685 /* canada.jpg */ = {isa = PBXFileReference; lastKnownFileType = image.jpeg; path = canada.jpg; sourceTree = "<group>"; };
		A3C585FF1B0E387000173685 /* unitedstates.jpg */ = {isa = PBXFileReference; lastKnownFileType = image.jpeg; path = unitedstates.jpg; sourceTree = "<group>"; };
		A3C586011B0E388200173685 /* vietnam.jpg */ = {isa = PBXFileReference; lastKnownFileType = image.jpeg; path = vietnam.jpg; sourceTree = "<group>"; };
		A3C586051B0E38BB00173685 /* taiwan.jpg */ = {isa = PBXFileReference; lastKnownFileType = image.jpeg; path = taiwan.jpg; sourceTree = "<group>"; };
		A3C586071B0E38CB00173685 /* argentina.jpg */ = {isa = PBXFileReference; lastKnownFileType = image.jpeg; path = argentina.jpg; sourceTree = "<group>"; };
		A3C586091B0E38DD00173685 /* china.jpg */ = {isa = PBXFileReference; lastKnownFileType = image.jpeg; path = china.jpg; sourceTree = "<group>"; };
		A3C5860B1B0E3A6A00173685 /* france.jpg */ = {isa = PBXFileReference; lastKnownFileType = image.jpeg; path = france.jpg; sourceTree = "<group>"; };
		A3C5860D1B0E3A8E00173685 /* germany.jpg */ = {isa = PBXFileReference; lastKnownFileType = image.jpeg; path = germany.jpg; sourceTree = "<group>"; };
		A3C8A0D41B0E4E360088F194 /* pakistan.jpg */ = {isa = PBXFileReference; lastKnownFileType = image.jpeg; path = pakistan.jpg; sourceTree = "<group>"; };
		A3F555E31B0FA4A00017AF7A /* turkey.png */ = {isa = PBXFileReference; lastKnownFileType = image.png; path = turkey.png; sourceTree = "<group>"; };
/* End PBXFileReference section */

/* Begin PBXFrameworksBuildPhase section */
		A3691D271B0D4EE100EAB92E /* Frameworks */ = {
			isa = PBXFrameworksBuildPhase;
			buildActionMask = 2147483647;
			files = (
			);
			runOnlyForDeploymentPostprocessing = 0;
		};
		A3691D3C1B0D4EE200EAB92E /* Frameworks */ = {
			isa = PBXFrameworksBuildPhase;
			buildActionMask = 2147483647;
			files = (
			);
			runOnlyForDeploymentPostprocessing = 0;
		};
/* End PBXFrameworksBuildPhase section */

/* Begin PBXGroup section */
		A30D09F01B0E2F6600F4464C /* Images */ = {
			isa = PBXGroup;
			children = (
				A349A2211B0E6EFD009833C8 /* jar.png */,
				A3C8A0D41B0E4E360088F194 /* pakistan.jpg */,
				A3C5860D1B0E3A8E00173685 /* germany.jpg */,
				A3C5860B1B0E3A6A00173685 /* france.jpg */,
				A3C586091B0E38DD00173685 /* china.jpg */,
				A3C586071B0E38CB00173685 /* argentina.jpg */,
				A3C586051B0E38BB00173685 /* taiwan.jpg */,
				A3C585FF1B0E387000173685 /* unitedstates.jpg */,
				A3C586011B0E388200173685 /* vietnam.jpg */,
				A3C585FD1B0E384100173685 /* canada.jpg */,
				A3F555E31B0FA4A00017AF7A /* turkey.png */,
				A311A7ED1B0E1B3000C66080 /* mountains.jpeg */,
				A30D09EE1B0E2B9A00F4464C /* Twitter-Bird-128.png */,
				A30D09EC1B0E2B8400F4464C /* Facebook-128.png */,
			);
			name = Images;
			sourceTree = "<group>";
		};
		A3691D211B0D4EE100EAB92E = {
			isa = PBXGroup;
			children = (
				A30D09F01B0E2F6600F4464C /* Images */,
				A3691D2C1B0D4EE100EAB92E /* KnowTip */,
				A3691D421B0D4EE200EAB92E /* KnowTipTests */,
				A3691D2B1B0D4EE100EAB92E /* Products */,
				FDE9155F7D59B4FA48EBD80C /* Frameworks */,
			);
			sourceTree = "<group>";
		};
		A3691D2B1B0D4EE100EAB92E /* Products */ = {
			isa = PBXGroup;
			children = (
				A3691D2A1B0D4EE100EAB92E /* KnowTip.app */,
				A3691D3F1B0D4EE200EAB92E /* KnowTipTests.xctest */,
			);
			name = Products;
			sourceTree = "<group>";
		};
		A3691D2C1B0D4EE100EAB92E /* KnowTip */ = {
			isa = PBXGroup;
			children = (
				A33987661B0FD77E00A506B2 /* Country.swift */,
				A3691D2F1B0D4EE100EAB92E /* AppDelegate.swift */,
				A3691D311B0D4EE100EAB92E /* ViewController.swift */,
				A3691D331B0D4EE100EAB92E /* Main.storyboard */,
				A311A7EB1B0DC17F00C66080 /* CountryDetailViewController.swift */,
				A3691D361B0D4EE100EAB92E /* Images.xcassets */,
				A3691D381B0D4EE100EAB92E /* LaunchScreen.xib */,
				A3691D2D1B0D4EE100EAB92E /* Supporting Files */,
			);
			path = KnowTip;
			sourceTree = "<group>";
		};
		A3691D2D1B0D4EE100EAB92E /* Supporting Files */ = {
			isa = PBXGroup;
			children = (
				A3691D2E1B0D4EE100EAB92E /* Info.plist */,
			);
			name = "Supporting Files";
			sourceTree = "<group>";
		};
		A3691D421B0D4EE200EAB92E /* KnowTipTests */ = {
			isa = PBXGroup;
			children = (
				A3691D451B0D4EE200EAB92E /* KnowTipTests.swift */,
				A3691D431B0D4EE200EAB92E /* Supporting Files */,
			);
			path = KnowTipTests;
			sourceTree = "<group>";
		};
		A3691D431B0D4EE200EAB92E /* Supporting Files */ = {
			isa = PBXGroup;
			children = (
				A3691D441B0D4EE200EAB92E /* Info.plist */,
			);
			name = "Supporting Files";
			sourceTree = "<group>";
		};
		FDE9155F7D59B4FA48EBD80C /* Frameworks */ = {
			isa = PBXGroup;
			children = (
			);
			name = Frameworks;
			sourceTree = "<group>";
		};
/* End PBXGroup section */

/* Begin PBXNativeTarget section */
		A3691D291B0D4EE100EAB92E /* KnowTip */ = {
			isa = PBXNativeTarget;
			buildConfigurationList = A3691D491B0D4EE200EAB92E /* Build configuration list for PBXNativeTarget "KnowTip" */;
			buildPhases = (
				A3691D261B0D4EE100EAB92E /* Sources */,
				A3691D271B0D4EE100EAB92E /* Frameworks */,
				A3691D281B0D4EE100EAB92E /* Resources */,
			);
			buildRules = (
			);
			dependencies = (
			);
			name = KnowTip;
			productName = KnowTip;
			productReference = A3691D2A1B0D4EE100EAB92E /* KnowTip.app */;
			productType = "com.apple.product-type.application";
		};
		A3691D3E1B0D4EE200EAB92E /* KnowTipTests */ = {
			isa = PBXNativeTarget;
			buildConfigurationList = A3691D4C1B0D4EE200EAB92E /* Build configuration list for PBXNativeTarget "KnowTipTests" */;
			buildPhases = (
				A3691D3B1B0D4EE200EAB92E /* Sources */,
				A3691D3C1B0D4EE200EAB92E /* Frameworks */,
				A3691D3D1B0D4EE200EAB92E /* Resources */,
			);
			buildRules = (
			);
			dependencies = (
				A3691D411B0D4EE200EAB92E /* PBXTargetDependency */,
			);
			name = KnowTipTests;
			productName = KnowTipTests;
			productReference = A3691D3F1B0D4EE200EAB92E /* KnowTipTests.xctest */;
			productType = "com.apple.product-type.bundle.unit-test";
		};
/* End PBXNativeTarget section */

/* Begin PBXProject section */
		A3691D221B0D4EE100EAB92E /* Project object */ = {
			isa = PBXProject;
			attributes = {
				LastUpgradeCheck = 0630;
				ORGANIZATIONNAME = "Jason Yu";
				TargetAttributes = {
					A3691D291B0D4EE100EAB92E = {
						CreatedOnToolsVersion = 6.3;
						DevelopmentTeam = QK25HEAP6B;
					};
					A3691D3E1B0D4EE200EAB92E = {
						CreatedOnToolsVersion = 6.3;
						TestTargetID = A3691D291B0D4EE100EAB92E;
					};
				};
			};
			buildConfigurationList = A3691D251B0D4EE100EAB92E /* Build configuration list for PBXProject "KnowTip" */;
			compatibilityVersion = "Xcode 3.2";
			developmentRegion = English;
			hasScannedForEncodings = 0;
			knownRegions = (
				en,
				Base,
			);
			mainGroup = A3691D211B0D4EE100EAB92E;
			productRefGroup = A3691D2B1B0D4EE100EAB92E /* Products */;
			projectDirPath = "";
			projectRoot = "";
			targets = (
				A3691D291B0D4EE100EAB92E /* KnowTip */,
				A3691D3E1B0D4EE200EAB92E /* KnowTipTests */,
			);
		};
/* End PBXProject section */

/* Begin PBXResourcesBuildPhase section */
		A3691D281B0D4EE100EAB92E /* Resources */ = {
			isa = PBXResourcesBuildPhase;
			buildActionMask = 2147483647;
			files = (
				A3C586021B0E388200173685 /* vietnam.jpg in Resources */,
				A3C586081B0E38CB00173685 /* argentina.jpg in Resources */,
				A3C5860C1B0E3A6A00173685 /* france.jpg in Resources */,
				A349A2221B0E6EFD009833C8 /* jar.png in Resources */,
				A3C586001B0E387000173685 /* unitedstates.jpg in Resources */,
				A3C5860A1B0E38DD00173685 /* china.jpg in Resources */,
				A311A7EE1B0E1B3000C66080 /* mountains.jpeg in Resources */,
				A3C8A0D51B0E4E360088F194 /* pakistan.jpg in Resources */,
				A3C585FE1B0E384100173685 /* canada.jpg in Resources */,
				A30D09ED1B0E2B8400F4464C /* Facebook-128.png in Resources */,
				A3F555E41B0FA4A00017AF7A /* turkey.png in Resources */,
				A3691D351B0D4EE100EAB92E /* Main.storyboard in Resources */,
				A3C586061B0E38BB00173685 /* taiwan.jpg in Resources */,
				A3691D3A1B0D4EE100EAB92E /* LaunchScreen.xib in Resources */,
				A3691D371B0D4EE100EAB92E /* Images.xcassets in Resources */,
				A30D09EF1B0E2B9A00F4464C /* Twitter-Bird-128.png in Resources */,
				A3C5860E1B0E3A8E00173685 /* germany.jpg in Resources */,
			);
			runOnlyForDeploymentPostprocessing = 0;
		};
		A3691D3D1B0D4EE200EAB92E /* Resources */ = {
			isa = PBXResourcesBuildPhase;
			buildActionMask = 2147483647;
			files = (
			);
			runOnlyForDeploymentPostprocessing = 0;
		};
/* End PBXResourcesBuildPhase section */

/* Begin PBXSourcesBuildPhase section */
		A3691D261B0D4EE100EAB92E /* Sources */ = {
			isa = PBXSourcesBuildPhase;
			buildActionMask = 2147483647;
			files = (
				A33987671B0FD77E00A506B2 /* Country.swift in Sources */,
				A3691D321B0D4EE100EAB92E /* ViewController.swift in Sources */,
				A3691D301B0D4EE100EAB92E /* AppDelegate.swift in Sources */,
				A311A7EC1B0DC17F00C66080 /* CountryDetailViewController.swift in Sources */,
			);
			runOnlyForDeploymentPostprocessing = 0;
		};
		A3691D3B1B0D4EE200EAB92E /* Sources */ = {
			isa = PBXSourcesBuildPhase;
			buildActionMask = 2147483647;
			files = (
				A3691D461B0D4EE200EAB92E /* KnowTipTests.swift in Sources */,
			);
			runOnlyForDeploymentPostprocessing = 0;
		};
/* End PBXSourcesBuildPhase section */

/* Begin PBXTargetDependency section */
		A3691D411B0D4EE200EAB92E /* PBXTargetDependency */ = {
			isa = PBXTargetDependency;
			target = A3691D291B0D4EE100EAB92E /* KnowTip */;
			targetProxy = A3691D401B0D4EE200EAB92E /* PBXContainerItemProxy */;
		};
/* End PBXTargetDependency section */

/* Begin PBXVariantGroup section */
		A3691D331B0D4EE100EAB92E /* Main.storyboard */ = {
			isa = PBXVariantGroup;
			children = (
				A3691D341B0D4EE100EAB92E /* Base */,
			);
			name = Main.storyboard;
			sourceTree = "<group>";
		};
		A3691D381B0D4EE100EAB92E /* LaunchScreen.xib */ = {
			isa = PBXVariantGroup;
			children = (
				A3691D391B0D4EE100EAB92E /* Base */,
			);
			name = LaunchScreen.xib;
			sourceTree = "<group>";
		};
/* End PBXVariantGroup section */

/* Begin XCBuildConfiguration section */
		A3691D471B0D4EE200EAB92E /* Debug */ = {
			isa = XCBuildConfiguration;
			buildSettings = {
				ALWAYS_SEARCH_USER_PATHS = NO;
				CLANG_CXX_LANGUAGE_STANDARD = "gnu++0x";
				CLANG_CXX_LIBRARY = "libc++";
				CLANG_ENABLE_MODULES = YES;
				CLANG_ENABLE_OBJC_ARC = YES;
				CLANG_WARN_BOOL_CONVERSION = YES;
				CLANG_WARN_CONSTANT_CONVERSION = YES;
				CLANG_WARN_DIRECT_OBJC_ISA_USAGE = YES_ERROR;
				CLANG_WARN_EMPTY_BODY = YES;
				CLANG_WARN_ENUM_CONVERSION = YES;
				CLANG_WARN_INT_CONVERSION = YES;
				CLANG_WARN_OBJC_ROOT_CLASS = YES_ERROR;
				CLANG_WARN_UNREACHABLE_CODE = YES;
				CLANG_WARN__DUPLICATE_METHOD_MATCH = YES;
				"CODE_SIGN_IDENTITY[sdk=iphoneos*]" = "iPhone Developer";
				COPY_PHASE_STRIP = NO;
				DEBUG_INFORMATION_FORMAT = "dwarf-with-dsym";
				ENABLE_STRICT_OBJC_MSGSEND = YES;
				GCC_C_LANGUAGE_STANDARD = gnu99;
				GCC_DYNAMIC_NO_PIC = NO;
				GCC_NO_COMMON_BLOCKS = YES;
				GCC_OPTIMIZATION_LEVEL = 0;
				GCC_PREPROCESSOR_DEFINITIONS = (
					"DEBUG=1",
					"$(inherited)",
				);
				GCC_SYMBOLS_PRIVATE_EXTERN = NO;
				GCC_WARN_64_TO_32_BIT_CONVERSION = YES;
				GCC_WARN_ABOUT_RETURN_TYPE = YES_ERROR;
				GCC_WARN_UNDECLARED_SELECTOR = YES;
				GCC_WARN_UNINITIALIZED_AUTOS = YES_AGGRESSIVE;
				GCC_WARN_UNUSED_FUNCTION = YES;
				GCC_WARN_UNUSED_VARIABLE = YES;
				IPHONEOS_DEPLOYMENT_TARGET = 8.3;
				MTL_ENABLE_DEBUG_INFO = YES;
				ONLY_ACTIVE_ARCH = NO;
				OTHER_LDFLAGS = "-lc++";
				SDKROOT = iphoneos;
				SWIFT_OBJC_BRIDGING_HEADER = "";
				SWIFT_OPTIMIZATION_LEVEL = "-Onone";
			};
			name = Debug;
		};
		A3691D481B0D4EE200EAB92E /* Release */ = {
			isa = XCBuildConfiguration;
			buildSettings = {
				ALWAYS_SEARCH_USER_PATHS = NO;
				CLANG_CXX_LANGUAGE_STANDARD = "gnu++0x";
				CLANG_CXX_LIBRARY = "libc++";
				CLANG_ENABLE_MODULES = YES;
				CLANG_ENABLE_OBJC_ARC = YES;
				CLANG_WARN_BOOL_CONVERSION = YES;
				CLANG_WARN_CONSTANT_CONVERSION = YES;
				CLANG_WARN_DIRECT_OBJC_ISA_USAGE = YES_ERROR;
				CLANG_WARN_EMPTY_BODY = YES;
				CLANG_WARN_ENUM_CONVERSION = YES;
				CLANG_WARN_INT_CONVERSION = YES;
				CLANG_WARN_OBJC_ROOT_CLASS = YES_ERROR;
				CLANG_WARN_UNREACHABLE_CODE = YES;
				CLANG_WARN__DUPLICATE_METHOD_MATCH = YES;
				"CODE_SIGN_IDENTITY[sdk=iphoneos*]" = "iPhone Developer";
				COPY_PHASE_STRIP = NO;
				DEBUG_INFORMATION_FORMAT = "dwarf-with-dsym";
				ENABLE_NS_ASSERTIONS = NO;
				ENABLE_STRICT_OBJC_MSGSEND = YES;
				GCC_C_LANGUAGE_STANDARD = gnu99;
				GCC_NO_COMMON_BLOCKS = YES;
				GCC_WARN_64_TO_32_BIT_CONVERSION = YES;
				GCC_WARN_ABOUT_RETURN_TYPE = YES_ERROR;
				GCC_WARN_UNDECLARED_SELECTOR = YES;
				GCC_WARN_UNINITIALIZED_AUTOS = YES_AGGRESSIVE;
				GCC_WARN_UNUSED_FUNCTION = YES;
				GCC_WARN_UNUSED_VARIABLE = YES;
				IPHONEOS_DEPLOYMENT_TARGET = 8.3;
				MTL_ENABLE_DEBUG_INFO = NO;
				OTHER_LDFLAGS = "-lc++";
				SDKROOT = iphoneos;
				SWIFT_OBJC_BRIDGING_HEADER = "";
				VALIDATE_PRODUCT = YES;
			};
			name = Release;
		};
		A3691D4A1B0D4EE200EAB92E /* Debug */ = {
			isa = XCBuildConfiguration;
			buildSettings = {
				ASSETCATALOG_COMPILER_APPICON_NAME = AppIcon;
				CODE_SIGN_IDENTITY = "iPhone Developer";
				FRAMEWORK_SEARCH_PATHS = (
					"$(inherited)",
					"$(PROJECT_DIR)/Carthage/Build/iOS",
					"$(USER_LIBRARY_DIR)/Developer/Xcode/DerivedData/KnowTip-ebwgmfhfksvzcyfcorlsbarynpxq/Build/Products/Debug-iphoneos",
				);
				INFOPLIST_FILE = KnowTip/Info.plist;
				LD_RUNPATH_SEARCH_PATHS = "$(inherited) @executable_path/Frameworks";
				PRODUCT_NAME = "$(TARGET_NAME)";
				SWIFT_INSTALL_OBJC_HEADER = NO;
				SWIFT_OBJC_BRIDGING_HEADER = "";
			};
			name = Debug;
		};
		A3691D4B1B0D4EE200EAB92E /* Release */ = {
			isa = XCBuildConfiguration;
			buildSettings = {
				ASSETCATALOG_COMPILER_APPICON_NAME = AppIcon;
				CODE_SIGN_IDENTITY = "iPhone Developer";
				FRAMEWORK_SEARCH_PATHS = (
					"$(inherited)",
					"$(PROJECT_DIR)/Carthage/Build/iOS",
					"$(USER_LIBRARY_DIR)/Developer/Xcode/DerivedData/KnowTip-ebwgmfhfksvzcyfcorlsbarynpxq/Build/Products/Debug-iphoneos",
				);
				INFOPLIST_FILE = KnowTip/Info.plist;
				LD_RUNPATH_SEARCH_PATHS = "$(inherited) @executable_path/Frameworks";
				PRODUCT_NAME = "$(TARGET_NAME)";
				SWIFT_INSTALL_OBJC_HEADER = NO;
				SWIFT_OBJC_BRIDGING_HEADER = "";
			};
			name = Release;
		};
		A3691D4D1B0D4EE200EAB92E /* Debug */ = {
			isa = XCBuildConfiguration;
			buildSettings = {
				BUNDLE_LOADER = "$(TEST_HOST)";
				FRAMEWORK_SEARCH_PATHS = (
					"$(SDKROOT)/Developer/Library/Frameworks",
					"$(inherited)",
				);
				GCC_PREPROCESSOR_DEFINITIONS = (
					"DEBUG=1",
					"$(inherited)",
				);
				INFOPLIST_FILE = KnowTipTests/Info.plist;
				LD_RUNPATH_SEARCH_PATHS = "$(inherited) @executable_path/Frameworks @loader_path/Frameworks";
				PRODUCT_NAME = "$(TARGET_NAME)";
				TEST_HOST = "$(BUILT_PRODUCTS_DIR)/KnowTip.app/KnowTip";
			};
			name = Debug;
		};
		A3691D4E1B0D4EE200EAB92E /* Release */ = {
			isa = XCBuildConfiguration;
			buildSettings = {
				BUNDLE_LOADER = "$(TEST_HOST)";
				FRAMEWORK_SEARCH_PATHS = (
					"$(SDKROOT)/Developer/Library/Frameworks",
					"$(inherited)",
				);
				INFOPLIST_FILE = KnowTipTests/Info.plist;
				LD_RUNPATH_SEARCH_PATHS = "$(inherited) @executable_path/Frameworks @loader_path/Frameworks";
				PRODUCT_NAME = "$(TARGET_NAME)";
				TEST_HOST = "$(BUILT_PRODUCTS_DIR)/KnowTip.app/KnowTip";
			};
			name = Release;
		};
/* End XCBuildConfiguration section */

/* Begin XCConfigurationList section */
		A3691D251B0D4EE100EAB92E /* Build configuration list for PBXProject "KnowTip" */ = {
			isa = XCConfigurationList;
			buildConfigurations = (
				A3691D471B0D4EE200EAB92E /* Debug */,
				A3691D481B0D4EE200EAB92E /* Release */,
			);
			defaultConfigurationIsVisible = 0;
			defaultConfigurationName = Release;
		};
		A3691D491B0D4EE200EAB92E /* Build configuration list for PBXNativeTarget "KnowTip" */ = {
			isa = XCConfigurationList;
			buildConfigurations = (
				A3691D4A1B0D4EE200EAB92E /* Debug */,
				A3691D4B1B0D4EE200EAB92E /* Release */,
			);
			defaultConfigurationIsVisible = 0;
			defaultConfigurationName = Release;
		};
		A3691D4C1B0D4EE200EAB92E /* Build configuration list for PBXNativeTarget "KnowTipTests" */ = {
			isa = XCConfigurationList;
			buildConfigurations = (
				A3691D4D1B0D4EE200EAB92E /* Debug */,
				A3691D4E1B0D4EE200EAB92E /* Release */,
			);
			defaultConfigurationIsVisible = 0;
			defaultConfigurationName = Release;
		};
/* End XCConfigurationList section */
	};
	rootObject = A3691D221B0D4EE100EAB92E /* Project object */;
}
